
Microsoft Visual Studio Solution File, Format Version 12.00
# Visual Studio 2012
Project("{FAE04EC0-301F-11D3-BF4B-00C04F79EFBC}") = "Simple.Dinner.Web", "Simple.Dinner.Web\Simple.Dinner.Web.csproj", "{04D6AB9F-FA38-4473-ADD7-0A192671043A}"
EndProject
Global
	GlobalSection(SolutionConfigurationPlatforms) = preSolution
		Debug|Any CPU = Debug|Any CPU
		Release|Any CPU = Release|Any CPU
	EndGlobalSection
	GlobalSection(ProjectConfigurationPlatforms) = postSolution
		{04D6AB9F-FA38-4473-ADD7-0A192671043A}.Debug|Any CPU.ActiveCfg = Debug|Any CPU
		{04D6AB9F-FA38-4473-ADD7-0A192671043A}.Debug|Any CPU.Build.0 = Debug|Any CPU
		{04D6AB9F-FA38-4473-ADD7-0A192671043A}.Release|Any CPU.ActiveCfg = Release|Any CPU
		{04D6AB9F-FA38-4473-ADD7-0A192671043A}.Release|Any CPU.Build.0 = Release|Any CPU
	EndGlobalSection
	GlobalSection(SolutionProperties) = preSolution
		HideSolutionNode = FALSE
	EndGlobalSection
EndGlobal
